
Microsoft Visual Studio Solution File, Format Version 12.00
# Visual Studio Version 17
VisualStudioVersion = 17.5.33424.131
MinimumVisualStudioVersion = 10.0.40219.1
Project("{9A19103F-16F7-4668-BE54-9A1E7A4F7556}") = "bai1", "bai1\bai1.csproj", "{D3C29BA2-B9B4-48F1-AEFB-668EEA518F80}"
EndProject
Project("{9A19103F-16F7-4668-BE54-9A1E7A4F7556}") = "bai2", "bai2\bai2.csproj", "{C24B9894-93C0-4F5B-BFFD-20ECDDF95F7D}"
EndProject
Project("{9A19103F-16F7-4668-BE54-9A1E7A4F7556}") = "bai3", "bai3\bai3.csproj", "{82B598CA-1E3D-4131-9B63-1293550BE722}"
EndProject
Project("{9A19103F-16F7-4668-BE54-9A1E7A4F7556}") = "bai4", "bai4\bai4.csproj", "{82CF5693-7D8B-469C-9875-CEF3734BC32C}"
EndProject
Project("{9A19103F-16F7-4668-BE54-9A1E7A4F7556}") = "bai5", "bai5\bai5.csproj", "{DC308DDE-E74A-4050-905C-1AA69EC7E2AA}"
EndProject
Project("{9A19103F-16F7-4668-BE54-9A1E7A4F7556}") = "bai6", "bai6\bai6.csproj", "{388E65BD-7743-4BFA-8325-0583A54BDD86}"
EndProject
Project("{9A19103F-16F7-4668-BE54-9A1E7A4F7556}") = "nc1", "nc1\nc1.csproj", "{516084FA-482B-4D5E-9412-B0112FAE8248}"
EndProject
Project("{9A19103F-16F7-4668-BE54-9A1E7A4F7556}") = "nc2", "nc2\nc2.csproj", "{97978C3C-3842-4F9E-B4DD-B8E21B1A7D89}"
EndProject
Project("{9A19103F-16F7-4668-BE54-9A1E7A4F7556}") = "nc3", "nc3\nc3.csproj", "{B2796828-8BC4-4494-A56F-3B100ABF1874}"
EndProject
Project("{9A19103F-16F7-4668-BE54-9A1E7A4F7556}") = "nc4", "nc4\nc4.csproj", "{D0CAB066-1F51-49DE-AEBF-519E42B57D82}"
EndProject
Project("{9A19103F-16F7-4668-BE54-9A1E7A4F7556}") = "nc5", "nc5\nc5.csproj", "{E7661AA4-7ACC-4A47-8906-8E636933CC81}"
EndProject
Project("{9A19103F-16F7-4668-BE54-9A1E7A4F7556}") = "nc6", "nc6\nc6.csproj", "{1DC7E9F6-711E-4BFA-9371-B1CF28DF49C4}"
EndProject
Project("{9A19103F-16F7-4668-BE54-9A1E7A4F7556}") = "nc7", "nc7\nc7.csproj", "{D4849488-AD52-4128-81A8-36EF1C9EFCC5}"
EndProject
Project("{9A19103F-16F7-4668-BE54-9A1E7A4F7556}") = "nc8", "nc8\nc8.csproj", "{FC56C975-47A8-4CFF-A292-81F6AD0CCEA5}"
EndProject
Project("{9A19103F-16F7-4668-BE54-9A1E7A4F7556}") = "oop1", "oop1\oop1.csproj", "{960B0E14-0B0F-4D71-9F78-BB655C7FD1DB}"
EndProject
Project("{9A19103F-16F7-4668-BE54-9A1E7A4F7556}") = "oop2", "oop2\oop2.csproj", "{8BCF657B-70D5-43C1-86C8-9E7CD14CE21B}"
EndProject
Project("{9A19103F-16F7-4668-BE54-9A1E7A4F7556}") = "oop3", "oop3\oop3.csproj", "{87EF70D7-8D2B-48BB-AC2C-B6048B54EDB5}"
EndProject
Project("{9A19103F-16F7-4668-BE54-9A1E7A4F7556}") = "oop4", "oop4\oop4.csproj", "{E1009AAE-DD10-4E50-8E81-7BA9587260D4}"
EndProject
Project("{9A19103F-16F7-4668-BE54-9A1E7A4F7556}") = "oop5", "oop5\oop5.csproj", "{5D647F20-9E6E-4EA7-9E03-1C8B9B61D93C}"
EndProject
Project("{9A19103F-16F7-4668-BE54-9A1E7A4F7556}") = "oop6", "oop6\oop6.csproj", "{A99BF7AD-AECD-46FE-8BB8-C2E6A53E879F}"
EndProject
Project("{9A19103F-16F7-4668-BE54-9A1E7A4F7556}") = "oop7", "oop7\oop7.csproj", "{3FB88FDB-33A5-4A5C-BF8C-46F34EFC803B}"
EndProject
Project("{9A19103F-16F7-4668-BE54-9A1E7A4F7556}") = "oop8", "oop8\oop8.csproj", "{141879B1-5E27-4DFA-B740-C770279E08C5}"
EndProject
Project("{9A19103F-16F7-4668-BE54-9A1E7A4F7556}") = "ngoaile", "ngoaile\ngoaile.csproj", "{A010F45C-292A-4F12-BB54-CB908362EFD1}"
EndProject
Project("{9A19103F-16F7-4668-BE54-9A1E7A4F7556}") = "thuchanhoop1", "thuchanhoop1\thuchanhoop1.csproj", "{3D15CAF1-A258-4E14-94E5-A4EDDF00178D}"
EndProject
Project("{9A19103F-16F7-4668-BE54-9A1E7A4F7556}") = "thuchanhoop2", "thuchanh00p2\thuchanhoop2.csproj", "{EEDE62FC-B4E2-4E3F-921F-843F137F8C89}"
EndProject
Project("{9A19103F-16F7-4668-BE54-9A1E7A4F7556}") = "thuchanhoop3", "thuchanhoop3\thuchanhoop3.csproj", "{1D35977C-D22A-44FD-9AA5-31FCB6BABA23}"
EndProject
Project("{9A19103F-16F7-4668-BE54-9A1E7A4F7556}") = "WpfApp1", "WpfApp1\WpfApp1.csproj", "{C242BDAE-C24A-4B03-8554-A28D19F4B93B}"
EndProject
Project("{9A19103F-16F7-4668-BE54-9A1E7A4F7556}") = "WpfApp2", "WpfApp2\WpfApp2.csproj", "{C60437E4-8775-4707-97D8-86E93E728236}"
EndProject
Project("{9A19103F-16F7-4668-BE54-9A1E7A4F7556}") = "WpfApp3", "WpfApp3\WpfApp3.csproj", "{D10CEA03-4392-4A67-BB64-CEF56BE46B7C}"
EndProject
Project("{9A19103F-16F7-4668-BE54-9A1E7A4F7556}") = "WpfApp4", "WpfApp4\WpfApp4.csproj", "{271BBD1F-028A-4E55-A758-5D3814EB8B64}"
EndProject
Project("{9A19103F-16F7-4668-BE54-9A1E7A4F7556}") = "WpfApp5", "WpfApp5\WpfApp5.csproj", "{F3F1E038-C227-4B6C-9FE0-35D4D058D677}"
EndProject
Project("{9A19103F-16F7-4668-BE54-9A1E7A4F7556}") = "WpfApp6", "WpfApp6\WpfApp6.csproj", "{88A66FBA-6A6A-4E76-8C36-3D8B4F3C32F2}"
EndProject
Project("{9A19103F-16F7-4668-BE54-9A1E7A4F7556}") = "WpfApp7", "WpfApp7\WpfApp7.csproj", "{2C055BD3-8EB2-41DF-BB80-0CA596D17F58}"
EndProject
Project("{9A19103F-16F7-4668-BE54-9A1E7A4F7556}") = "WpfApp8", "WpfApp8\WpfApp8.csproj", "{10714752-6688-4F56-A7BC-B8DFE7B8E844}"
EndProject
Project("{9A19103F-16F7-4668-BE54-9A1E7A4F7556}") = "WpfApp9", "WpfApp9\WpfApp9.csproj", "{6811C732-69AE-45AA-A58F-F59016C49E84}"
EndProject
Project("{9A19103F-16F7-4668-BE54-9A1E7A4F7556}") = "WpfApp10", "WpfApp10\WpfApp10.csproj", "{C9DC7F75-DB22-4F16-A12B-2BD384D1CCA5}"
EndProject
Project("{9A19103F-16F7-4668-BE54-9A1E7A4F7556}") = "WpfApp11", "WpfApp11\WpfApp11.csproj", "{00348015-AF0A-4E49-B327-E50BBC53B280}"
EndProject
Project("{9A19103F-16F7-4668-BE54-9A1E7A4F7556}") = "WpfApp12", "WpfApp12\WpfApp12.csproj", "{2324AC0E-883D-4634-902E-6CFFC4CFFF5A}"
EndProject
Project("{9A19103F-16F7-4668-BE54-9A1E7A4F7556}") = "WpfApp13", "WpfApp13\WpfApp13.csproj", "{DE867F82-CFD7-4A60-BD64-C8F19E8AE729}"
EndProject
Project("{9A19103F-16F7-4668-BE54-9A1E7A4F7556}") = "WpfApp14", "WpfApp14\WpfApp14.csproj", "{E813F1E3-42F4-4792-8F9C-06587F2D769C}"
EndProject
Project("{9A19103F-16F7-4668-BE54-9A1E7A4F7556}") = "WpfApp15", "WpfApp15\WpfApp15.csproj", "{C0AE1F59-0032-42CE-9059-08F1C91E9397}"
EndProject
Project("{9A19103F-16F7-4668-BE54-9A1E7A4F7556}") = "WpfApp16", "WpfApp16\WpfApp16.csproj", "{56F66237-E53F-4FF5-ADDE-90066272043B}"
EndProject
Project("{9A19103F-16F7-4668-BE54-9A1E7A4F7556}") = "WpfApp17", "WpfApp17\WpfApp17.csproj", "{7D8575DB-0DC7-4A6A-94CF-82E3171513D5}"
EndProject
Project("{9A19103F-16F7-4668-BE54-9A1E7A4F7556}") = "WpfApp18", "WpfApp18\WpfApp18.csproj", "{8B9CA932-4870-47D2-9AE8-D77C9A24D83F}"
EndProject
Project("{9A19103F-16F7-4668-BE54-9A1E7A4F7556}") = "WpfApp19", "WpfApp19\WpfApp19.csproj", "{543B5798-FFB1-4310-854D-C67953CF555C}"
EndProject
Project("{9A19103F-16F7-4668-BE54-9A1E7A4F7556}") = "WpfApp20", "WpfApp20\WpfApp20.csproj", "{DEC302B3-3448-45D3-8F5C-DBC7BA60AFD2}"
EndProject
Project("{9A19103F-16F7-4668-BE54-9A1E7A4F7556}") = "WpfApp21", "WpfApp21\WpfApp21.csproj", "{1BC7DD7A-0F3F-4DBF-B3EB-E7C6F281FEE9}"
EndProject
Project("{9A19103F-16F7-4668-BE54-9A1E7A4F7556}") = "WpfApp22", "WpfApp22\WpfApp22.csproj", "{BDA7975A-35FF-4CEF-81C5-8270AB91E22E}"
EndProject
Project("{9A19103F-16F7-4668-BE54-9A1E7A4F7556}") = "WpfApp23", "WpfApp23\WpfApp23.csproj", "{E07E6EB3-C3AD-426C-8BB2-33B740C0EEE5}"
EndProject
Project("{9A19103F-16F7-4668-BE54-9A1E7A4F7556}") = "WpfApp24", "WpfApp24\WpfApp24.csproj", "{A6735C7C-2833-4D0C-9635-AC522C93F670}"
EndProject
Project("{9A19103F-16F7-4668-BE54-9A1E7A4F7556}") = "WpfApp25", "WpfApp25\WpfApp25.csproj", "{AA0CCB61-F281-4CDC-AF53-74DCEF946B34}"
EndProject
Project("{9A19103F-16F7-4668-BE54-9A1E7A4F7556}") = "WpfApp26", "WpfApp26\WpfApp26.csproj", "{862E77D1-068A-45D1-B494-B70ADFC5B10B}"
EndProject
Project("{2150E333-8FDC-42A3-9474-1A3956D46DE8}") = "Solution Items", "Solution Items", "{4663868A-09EA-4BF5-B059-D8E33ED596B5}"
	ProjectSection(SolutionItems) = preProject
		.editorconfig = .editorconfig
	EndProjectSection
EndProject
Project("{9A19103F-16F7-4668-BE54-9A1E7A4F7556}") = "WpfApp27", "WpfApp27\WpfApp27.csproj", "{E57E43E0-36FA-4D8F-B9EE-8CBA10DCA238}"
EndProject
Project("{9A19103F-16F7-4668-BE54-9A1E7A4F7556}") = "WpfApp28", "WpfApp28\WpfApp28.csproj", "{21D4ABCB-7E3D-4DEA-B1FA-CDE43C551130}"
EndProject
Project("{9A19103F-16F7-4668-BE54-9A1E7A4F7556}") = "WpfApp29", "WpfApp29\WpfApp29.csproj", "{417A1BFF-9A89-4AE9-997E-05229C10A41F}"
EndProject
Project("{9A19103F-16F7-4668-BE54-9A1E7A4F7556}") = "WpfApp30", "WpfApp30\WpfApp30.csproj", "{2B729AAF-C5A5-410D-B29B-8045DE43D0F4}"
EndProject
Project("{9A19103F-16F7-4668-BE54-9A1E7A4F7556}") = "mvvm1", "WpfApp31\mvvm1.csproj", "{7917C05B-87C2-44B8-BB7B-825404992CCF}"
EndProject
Project("{9A19103F-16F7-4668-BE54-9A1E7A4F7556}") = "mvvm2", "mvvm2\mvvm2.csproj", "{93CBC8F6-9431-4F9C-B023-783C142321C7}"
EndProject
Project("{FAE04EC0-301F-11D3-BF4B-00C04F79EFBC}") = "mvvm3", "mvvm3\mvvm3.csproj", "{CB8C106E-332B-4871-B527-9C34A148ECC3}"
EndProject
Project("{FAE04EC0-301F-11D3-BF4B-00C04F79EFBC}") = "mvvm4", "mvvm4\mvvm4.csproj", "{28F9DB63-19ED-4600-93A4-C061ED17E5F5}"
EndProject
Project("{FAE04EC0-301F-11D3-BF4B-00C04F79EFBC}") = "mvvm5", "mvvm5\mvvm5.csproj", "{C71D3FE9-F030-4B54-BA66-293195CD9489}"
EndProject
Project("{FAE04EC0-301F-11D3-BF4B-00C04F79EFBC}") = "th1", "th1\th1.csproj", "{A420F05A-48A0-4516-AD17-715EF19D5F61}"
EndProject
Project("{FAE04EC0-301F-11D3-BF4B-00C04F79EFBC}") = "th2", "th2\th2.csproj", "{3D0B2DAD-0696-4C01-A22F-D75AAD623AE3}"
EndProject
Global
	GlobalSection(SolutionConfigurationPlatforms) = preSolution
		Debug|Any CPU = Debug|Any CPU
		Release|Any CPU = Release|Any CPU
	EndGlobalSection
	GlobalSection(ProjectConfigurationPlatforms) = postSolution
		{D3C29BA2-B9B4-48F1-AEFB-668EEA518F80}.Debug|Any CPU.ActiveCfg = Debug|Any CPU
		{D3C29BA2-B9B4-48F1-AEFB-668EEA518F80}.Debug|Any CPU.Build.0 = Debug|Any CPU
		{D3C29BA2-B9B4-48F1-AEFB-668EEA518F80}.Release|Any CPU.ActiveCfg = Release|Any CPU
		{D3C29BA2-B9B4-48F1-AEFB-668EEA518F80}.Release|Any CPU.Build.0 = Release|Any CPU
		{C24B9894-93C0-4F5B-BFFD-20ECDDF95F7D}.Debug|Any CPU.ActiveCfg = Debug|Any CPU
		{C24B9894-93C0-4F5B-BFFD-20ECDDF95F7D}.Debug|Any CPU.Build.0 = Debug|Any CPU
		{C24B9894-93C0-4F5B-BFFD-20ECDDF95F7D}.Release|Any CPU.ActiveCfg = Release|Any CPU
		{C24B9894-93C0-4F5B-BFFD-20ECDDF95F7D}.Release|Any CPU.Build.0 = Release|Any CPU
		{82B598CA-1E3D-4131-9B63-1293550BE722}.Debug|Any CPU.ActiveCfg = Debug|Any CPU
		{82B598CA-1E3D-4131-9B63-1293550BE722}.Debug|Any CPU.Build.0 = Debug|Any CPU
		{82B598CA-1E3D-4131-9B63-1293550BE722}.Release|Any CPU.ActiveCfg = Release|Any CPU
		{82B598CA-1E3D-4131-9B63-1293550BE722}.Release|Any CPU.Build.0 = Release|Any CPU
		{82CF5693-7D8B-469C-9875-CEF3734BC32C}.Debug|Any CPU.ActiveCfg = Debug|Any CPU
		{82CF5693-7D8B-469C-9875-CEF3734BC32C}.Debug|Any CPU.Build.0 = Debug|Any CPU
		{82CF5693-7D8B-469C-9875-CEF3734BC32C}.Release|Any CPU.ActiveCfg = Release|Any CPU
		{82CF5693-7D8B-469C-9875-CEF3734BC32C}.Release|Any CPU.Build.0 = Release|Any CPU
		{DC308DDE-E74A-4050-905C-1AA69EC7E2AA}.Debug|Any CPU.ActiveCfg = Debug|Any CPU
		{DC308DDE-E74A-4050-905C-1AA69EC7E2AA}.Debug|Any CPU.Build.0 = Debug|Any CPU
		{DC308DDE-E74A-4050-905C-1AA69EC7E2AA}.Release|Any CPU.ActiveCfg = Release|Any CPU
		{DC308DDE-E74A-4050-905C-1AA69EC7E2AA}.Release|Any CPU.Build.0 = Release|Any CPU
		{388E65BD-7743-4BFA-8325-0583A54BDD86}.Debug|Any CPU.ActiveCfg = Debug|Any CPU
		{388E65BD-7743-4BFA-8325-0583A54BDD86}.Debug|Any CPU.Build.0 = Debug|Any CPU
		{388E65BD-7743-4BFA-8325-0583A54BDD86}.Release|Any CPU.ActiveCfg = Release|Any CPU
		{388E65BD-7743-4BFA-8325-0583A54BDD86}.Release|Any CPU.Build.0 = Release|Any CPU
		{516084FA-482B-4D5E-9412-B0112FAE8248}.Debug|Any CPU.ActiveCfg = Debug|Any CPU
		{516084FA-482B-4D5E-9412-B0112FAE8248}.Debug|Any CPU.Build.0 = Debug|Any CPU
		{516084FA-482B-4D5E-9412-B0112FAE8248}.Release|Any CPU.ActiveCfg = Release|Any CPU
		{516084FA-482B-4D5E-9412-B0112FAE8248}.Release|Any CPU.Build.0 = Release|Any CPU
		{97978C3C-3842-4F9E-B4DD-B8E21B1A7D89}.Debug|Any CPU.ActiveCfg = Debug|Any CPU
		{97978C3C-3842-4F9E-B4DD-B8E21B1A7D89}.Debug|Any CPU.Build.0 = Debug|Any CPU
		{97978C3C-3842-4F9E-B4DD-B8E21B1A7D89}.Release|Any CPU.ActiveCfg = Release|Any CPU
		{97978C3C-3842-4F9E-B4DD-B8E21B1A7D89}.Release|Any CPU.Build.0 = Release|Any CPU
		{B2796828-8BC4-4494-A56F-3B100ABF1874}.Debug|Any CPU.ActiveCfg = Debug|Any CPU
		{B2796828-8BC4-4494-A56F-3B100ABF1874}.Debug|Any CPU.Build.0 = Debug|Any CPU
		{B2796828-8BC4-4494-A56F-3B100ABF1874}.Release|Any CPU.ActiveCfg = Release|Any CPU
		{B2796828-8BC4-4494-A56F-3B100ABF1874}.Release|Any CPU.Build.0 = Release|Any CPU
		{D0CAB066-1F51-49DE-AEBF-519E42B57D82}.Debug|Any CPU.ActiveCfg = Debug|Any CPU
		{D0CAB066-1F51-49DE-AEBF-519E42B57D82}.Debug|Any CPU.Build.0 = Debug|Any CPU
		{D0CAB066-1F51-49DE-AEBF-519E42B57D82}.Release|Any CPU.ActiveCfg = Release|Any CPU
		{D0CAB066-1F51-49DE-AEBF-519E42B57D82}.Release|Any CPU.Build.0 = Release|Any CPU
		{E7661AA4-7ACC-4A47-8906-8E636933CC81}.Debug|Any CPU.ActiveCfg = Debug|Any CPU
		{E7661AA4-7ACC-4A47-8906-8E636933CC81}.Debug|Any CPU.Build.0 = Debug|Any CPU
		{E7661AA4-7ACC-4A47-8906-8E636933CC81}.Release|Any CPU.ActiveCfg = Release|Any CPU
		{E7661AA4-7ACC-4A47-8906-8E636933CC81}.Release|Any CPU.Build.0 = Release|Any CPU
		{1DC7E9F6-711E-4BFA-9371-B1CF28DF49C4}.Debug|Any CPU.ActiveCfg = Debug|Any CPU
		{1DC7E9F6-711E-4BFA-9371-B1CF28DF49C4}.Debug|Any CPU.Build.0 = Debug|Any CPU
		{1DC7E9F6-711E-4BFA-9371-B1CF28DF49C4}.Release|Any CPU.ActiveCfg = Release|Any CPU
		{1DC7E9F6-711E-4BFA-9371-B1CF28DF49C4}.Release|Any CPU.Build.0 = Release|Any CPU
		{D4849488-AD52-4128-81A8-36EF1C9EFCC5}.Debug|Any CPU.ActiveCfg = Debug|Any CPU
		{D4849488-AD52-4128-81A8-36EF1C9EFCC5}.Debug|Any CPU.Build.0 = Debug|Any CPU
		{D4849488-AD52-4128-81A8-36EF1C9EFCC5}.Release|Any CPU.ActiveCfg = Release|Any CPU
		{D4849488-AD52-4128-81A8-36EF1C9EFCC5}.Release|Any CPU.Build.0 = Release|Any CPU
		{FC56C975-47A8-4CFF-A292-81F6AD0CCEA5}.Debug|Any CPU.ActiveCfg = Debug|Any CPU
		{FC56C975-47A8-4CFF-A292-81F6AD0CCEA5}.Debug|Any CPU.Build.0 = Debug|Any CPU
		{FC56C975-47A8-4CFF-A292-81F6AD0CCEA5}.Release|Any CPU.ActiveCfg = Release|Any CPU
		{FC56C975-47A8-4CFF-A292-81F6AD0CCEA5}.Release|Any CPU.Build.0 = Release|Any CPU
		{960B0E14-0B0F-4D71-9F78-BB655C7FD1DB}.Debug|Any CPU.ActiveCfg = Debug|Any CPU
		{960B0E14-0B0F-4D71-9F78-BB655C7FD1DB}.Debug|Any CPU.Build.0 = Debug|Any CPU
		{960B0E14-0B0F-4D71-9F78-BB655C7FD1DB}.Release|Any CPU.ActiveCfg = Release|Any CPU
		{960B0E14-0B0F-4D71-9F78-BB655C7FD1DB}.Release|Any CPU.Build.0 = Release|Any CPU
		{8BCF657B-70D5-43C1-86C8-9E7CD14CE21B}.Debug|Any CPU.ActiveCfg = Debug|Any CPU
		{8BCF657B-70D5-43C1-86C8-9E7CD14CE21B}.Debug|Any CPU.Build.0 = Debug|Any CPU
		{8BCF657B-70D5-43C1-86C8-9E7CD14CE21B}.Release|Any CPU.ActiveCfg = Release|Any CPU
		{8BCF657B-70D5-43C1-86C8-9E7CD14CE21B}.Release|Any CPU.Build.0 = Release|Any CPU
		{87EF70D7-8D2B-48BB-AC2C-B6048B54EDB5}.Debug|Any CPU.ActiveCfg = Debug|Any CPU
		{87EF70D7-8D2B-48BB-AC2C-B6048B54EDB5}.Debug|Any CPU.Build.0 = Debug|Any CPU
		{87EF70D7-8D2B-48BB-AC2C-B6048B54EDB5}.Release|Any CPU.ActiveCfg = Release|Any CPU
		{87EF70D7-8D2B-48BB-AC2C-B6048B54EDB5}.Release|Any CPU.Build.0 = Release|Any CPU
		{E1009AAE-DD10-4E50-8E81-7BA9587260D4}.Debug|Any CPU.ActiveCfg = Debug|Any CPU
		{E1009AAE-DD10-4E50-8E81-7BA9587260D4}.Debug|Any CPU.Build.0 = Debug|Any CPU
		{E1009AAE-DD10-4E50-8E81-7BA9587260D4}.Release|Any CPU.ActiveCfg = Release|Any CPU
		{E1009AAE-DD10-4E50-8E81-7BA9587260D4}.Release|Any CPU.Build.0 = Release|Any CPU
		{5D647F20-9E6E-4EA7-9E03-1C8B9B61D93C}.Debug|Any CPU.ActiveCfg = Debug|Any CPU
		{5D647F20-9E6E-4EA7-9E03-1C8B9B61D93C}.Debug|Any CPU.Build.0 = Debug|Any CPU
		{5D647F20-9E6E-4EA7-9E03-1C8B9B61D93C}.Release|Any CPU.ActiveCfg = Release|Any CPU
		{5D647F20-9E6E-4EA7-9E03-1C8B9B61D93C}.Release|Any CPU.Build.0 = Release|Any CPU
		{A99BF7AD-AECD-46FE-8BB8-C2E6A53E879F}.Debug|Any CPU.ActiveCfg = Debug|Any CPU
		{A99BF7AD-AECD-46FE-8BB8-C2E6A53E879F}.Debug|Any CPU.Build.0 = Debug|Any CPU
		{A99BF7AD-AECD-46FE-8BB8-C2E6A53E879F}.Release|Any CPU.ActiveCfg = Release|Any CPU
		{A99BF7AD-AECD-46FE-8BB8-C2E6A53E879F}.Release|Any CPU.Build.0 = Release|Any CPU
		{3FB88FDB-33A5-4A5C-BF8C-46F34EFC803B}.Debug|Any CPU.ActiveCfg = Debug|Any CPU
		{3FB88FDB-33A5-4A5C-BF8C-46F34EFC803B}.Debug|Any CPU.Build.0 = Debug|Any CPU
		{3FB88FDB-33A5-4A5C-BF8C-46F34EFC803B}.Release|Any CPU.ActiveCfg = Release|Any CPU
		{3FB88FDB-33A5-4A5C-BF8C-46F34EFC803B}.Release|Any CPU.Build.0 = Release|Any CPU
		{141879B1-5E27-4DFA-B740-C770279E08C5}.Debug|Any CPU.ActiveCfg = Debug|Any CPU
		{141879B1-5E27-4DFA-B740-C770279E08C5}.Debug|Any CPU.Build.0 = Debug|Any CPU
		{141879B1-5E27-4DFA-B740-C770279E08C5}.Release|Any CPU.ActiveCfg = Release|Any CPU
		{141879B1-5E27-4DFA-B740-C770279E08C5}.Release|Any CPU.Build.0 = Release|Any CPU
		{A010F45C-292A-4F12-BB54-CB908362EFD1}.Debug|Any CPU.ActiveCfg = Debug|Any CPU
		{A010F45C-292A-4F12-BB54-CB908362EFD1}.Debug|Any CPU.Build.0 = Debug|Any CPU
		{A010F45C-292A-4F12-BB54-CB908362EFD1}.Release|Any CPU.ActiveCfg = Release|Any CPU
		{A010F45C-292A-4F12-BB54-CB908362EFD1}.Release|Any CPU.Build.0 = Release|Any CPU
		{3D15CAF1-A258-4E14-94E5-A4EDDF00178D}.Debug|Any CPU.ActiveCfg = Debug|Any CPU
		{3D15CAF1-A258-4E14-94E5-A4EDDF00178D}.Debug|Any CPU.Build.0 = Debug|Any CPU
		{3D15CAF1-A258-4E14-94E5-A4EDDF00178D}.Release|Any CPU.ActiveCfg = Release|Any CPU
		{3D15CAF1-A258-4E14-94E5-A4EDDF00178D}.Release|Any CPU.Build.0 = Release|Any CPU
		{EEDE62FC-B4E2-4E3F-921F-843F137F8C89}.Debug|Any CPU.ActiveCfg = Debug|Any CPU
		{EEDE62FC-B4E2-4E3F-921F-843F137F8C89}.Debug|Any CPU.Build.0 = Debug|Any CPU
		{EEDE62FC-B4E2-4E3F-921F-843F137F8C89}.Release|Any CPU.ActiveCfg = Release|Any CPU
		{EEDE62FC-B4E2-4E3F-921F-843F137F8C89}.Release|Any CPU.Build.0 = Release|Any CPU
		{1D35977C-D22A-44FD-9AA5-31FCB6BABA23}.Debug|Any CPU.ActiveCfg = Debug|Any CPU
		{1D35977C-D22A-44FD-9AA5-31FCB6BABA23}.Debug|Any CPU.Build.0 = Debug|Any CPU
		{1D35977C-D22A-44FD-9AA5-31FCB6BABA23}.Release|Any CPU.ActiveCfg = Release|Any CPU
		{1D35977C-D22A-44FD-9AA5-31FCB6BABA23}.Release|Any CPU.Build.0 = Release|Any CPU
		{C242BDAE-C24A-4B03-8554-A28D19F4B93B}.Debug|Any CPU.ActiveCfg = Debug|Any CPU
		{C242BDAE-C24A-4B03-8554-A28D19F4B93B}.Debug|Any CPU.Build.0 = Debug|Any CPU
		{C242BDAE-C24A-4B03-8554-A28D19F4B93B}.Release|Any CPU.ActiveCfg = Release|Any CPU
		{C242BDAE-C24A-4B03-8554-A28D19F4B93B}.Release|Any CPU.Build.0 = Release|Any CPU
		{C60437E4-8775-4707-97D8-86E93E728236}.Debug|Any CPU.ActiveCfg = Debug|Any CPU
		{C60437E4-8775-4707-97D8-86E93E728236}.Debug|Any CPU.Build.0 = Debug|Any CPU
		{C60437E4-8775-4707-97D8-86E93E728236}.Release|Any CPU.ActiveCfg = Release|Any CPU
		{C60437E4-8775-4707-97D8-86E93E728236}.Release|Any CPU.Build.0 = Release|Any CPU
		{D10CEA03-4392-4A67-BB64-CEF56BE46B7C}.Debug|Any CPU.ActiveCfg = Debug|Any CPU
		{D10CEA03-4392-4A67-BB64-CEF56BE46B7C}.Debug|Any CPU.Build.0 = Debug|Any CPU
		{D10CEA03-4392-4A67-BB64-CEF56BE46B7C}.Release|Any CPU.ActiveCfg = Release|Any CPU
		{D10CEA03-4392-4A67-BB64-CEF56BE46B7C}.Release|Any CPU.Build.0 = Release|Any CPU
		{271BBD1F-028A-4E55-A758-5D3814EB8B64}.Debug|Any CPU.ActiveCfg = Debug|Any CPU
		{271BBD1F-028A-4E55-A758-5D3814EB8B64}.Debug|Any CPU.Build.0 = Debug|Any CPU
		{271BBD1F-028A-4E55-A758-5D3814EB8B64}.Release|Any CPU.ActiveCfg = Release|Any CPU
		{271BBD1F-028A-4E55-A758-5D3814EB8B64}.Release|Any CPU.Build.0 = Release|Any CPU
		{F3F1E038-C227-4B6C-9FE0-35D4D058D677}.Debug|Any CPU.ActiveCfg = Debug|Any CPU
		{F3F1E038-C227-4B6C-9FE0-35D4D058D677}.Debug|Any CPU.Build.0 = Debug|Any CPU
		{F3F1E038-C227-4B6C-9FE0-35D4D058D677}.Release|Any CPU.ActiveCfg = Release|Any CPU
		{F3F1E038-C227-4B6C-9FE0-35D4D058D677}.Release|Any CPU.Build.0 = Release|Any CPU
		{88A66FBA-6A6A-4E76-8C36-3D8B4F3C32F2}.Debug|Any CPU.ActiveCfg = Debug|Any CPU
		{88A66FBA-6A6A-4E76-8C36-3D8B4F3C32F2}.Debug|Any CPU.Build.0 = Debug|Any CPU
		{88A66FBA-6A6A-4E76-8C36-3D8B4F3C32F2}.Release|Any CPU.ActiveCfg = Release|Any CPU
		{88A66FBA-6A6A-4E76-8C36-3D8B4F3C32F2}.Release|Any CPU.Build.0 = Release|Any CPU
		{2C055BD3-8EB2-41DF-BB80-0CA596D17F58}.Debug|Any CPU.ActiveCfg = Debug|Any CPU
		{2C055BD3-8EB2-41DF-BB80-0CA596D17F58}.Debug|Any CPU.Build.0 = Debug|Any CPU
		{2C055BD3-8EB2-41DF-BB80-0CA596D17F58}.Release|Any CPU.ActiveCfg = Release|Any CPU
		{2C055BD3-8EB2-41DF-BB80-0CA596D17F58}.Release|Any CPU.Build.0 = Release|Any CPU
		{10714752-6688-4F56-A7BC-B8DFE7B8E844}.Debug|Any CPU.ActiveCfg = Debug|Any CPU
		{10714752-6688-4F56-A7BC-B8DFE7B8E844}.Debug|Any CPU.Build.0 = Debug|Any CPU
		{10714752-6688-4F56-A7BC-B8DFE7B8E844}.Release|Any CPU.ActiveCfg = Release|Any CPU
		{10714752-6688-4F56-A7BC-B8DFE7B8E844}.Release|Any CPU.Build.0 = Release|Any CPU
		{6811C732-69AE-45AA-A58F-F59016C49E84}.Debug|Any CPU.ActiveCfg = Debug|Any CPU
		{6811C732-69AE-45AA-A58F-F59016C49E84}.Debug|Any CPU.Build.0 = Debug|Any CPU
		{6811C732-69AE-45AA-A58F-F59016C49E84}.Release|Any CPU.ActiveCfg = Release|Any CPU
		{6811C732-69AE-45AA-A58F-F59016C49E84}.Release|Any CPU.Build.0 = Release|Any CPU
		{C9DC7F75-DB22-4F16-A12B-2BD384D1CCA5}.Debug|Any CPU.ActiveCfg = Debug|Any CPU
		{C9DC7F75-DB22-4F16-A12B-2BD384D1CCA5}.Debug|Any CPU.Build.0 = Debug|Any CPU
		{C9DC7F75-DB22-4F16-A12B-2BD384D1CCA5}.Release|Any CPU.ActiveCfg = Release|Any CPU
		{C9DC7F75-DB22-4F16-A12B-2BD384D1CCA5}.Release|Any CPU.Build.0 = Release|Any CPU
		{00348015-AF0A-4E49-B327-E50BBC53B280}.Debug|Any CPU.ActiveCfg = Debug|Any CPU
		{00348015-AF0A-4E49-B327-E50BBC53B280}.Debug|Any CPU.Build.0 = Debug|Any CPU
		{00348015-AF0A-4E49-B327-E50BBC53B280}.Release|Any CPU.ActiveCfg = Release|Any CPU
		{00348015-AF0A-4E49-B327-E50BBC53B280}.Release|Any CPU.Build.0 = Release|Any CPU
		{2324AC0E-883D-4634-902E-6CFFC4CFFF5A}.Debug|Any CPU.ActiveCfg = Debug|Any CPU
		{2324AC0E-883D-4634-902E-6CFFC4CFFF5A}.Debug|Any CPU.Build.0 = Debug|Any CPU
		{2324AC0E-883D-4634-902E-6CFFC4CFFF5A}.Release|Any CPU.ActiveCfg = Release|Any CPU
		{2324AC0E-883D-4634-902E-6CFFC4CFFF5A}.Release|Any CPU.Build.0 = Release|Any CPU
		{DE867F82-CFD7-4A60-BD64-C8F19E8AE729}.Debug|Any CPU.ActiveCfg = Debug|Any CPU
		{DE867F82-CFD7-4A60-BD64-C8F19E8AE729}.Debug|Any CPU.Build.0 = Debug|Any CPU
		{DE867F82-CFD7-4A60-BD64-C8F19E8AE729}.Release|Any CPU.ActiveCfg = Release|Any CPU
		{DE867F82-CFD7-4A60-BD64-C8F19E8AE729}.Release|Any CPU.Build.0 = Release|Any CPU
		{E813F1E3-42F4-4792-8F9C-06587F2D769C}.Debug|Any CPU.ActiveCfg = Debug|Any CPU
		{E813F1E3-42F4-4792-8F9C-06587F2D769C}.Debug|Any CPU.Build.0 = Debug|Any CPU
		{E813F1E3-42F4-4792-8F9C-06587F2D769C}.Release|Any CPU.ActiveCfg = Release|Any CPU
		{E813F1E3-42F4-4792-8F9C-06587F2D769C}.Release|Any CPU.Build.0 = Release|Any CPU
		{C0AE1F59-0032-42CE-9059-08F1C91E9397}.Debug|Any CPU.ActiveCfg = Debug|Any CPU
		{C0AE1F59-0032-42CE-9059-08F1C91E9397}.Debug|Any CPU.Build.0 = Debug|Any CPU
		{C0AE1F59-0032-42CE-9059-08F1C91E9397}.Release|Any CPU.ActiveCfg = Release|Any CPU
		{C0AE1F59-0032-42CE-9059-08F1C91E9397}.Release|Any CPU.Build.0 = Release|Any CPU
		{56F66237-E53F-4FF5-ADDE-90066272043B}.Debug|Any CPU.ActiveCfg = Debug|Any CPU
		{56F66237-E53F-4FF5-ADDE-90066272043B}.Debug|Any CPU.Build.0 = Debug|Any CPU
		{56F66237-E53F-4FF5-ADDE-90066272043B}.Release|Any CPU.ActiveCfg = Release|Any CPU
		{56F66237-E53F-4FF5-ADDE-90066272043B}.Release|Any CPU.Build.0 = Release|Any CPU
		{7D8575DB-0DC7-4A6A-94CF-82E3171513D5}.Debug|Any CPU.ActiveCfg = Debug|Any CPU
		{7D8575DB-0DC7-4A6A-94CF-82E3171513D5}.Debug|Any CPU.Build.0 = Debug|Any CPU
		{7D8575DB-0DC7-4A6A-94CF-82E3171513D5}.Release|Any CPU.ActiveCfg = Release|Any CPU
		{7D8575DB-0DC7-4A6A-94CF-82E3171513D5}.Release|Any CPU.Build.0 = Release|Any CPU
		{8B9CA932-4870-47D2-9AE8-D77C9A24D83F}.Debug|Any CPU.ActiveCfg = Debug|Any CPU
		{8B9CA932-4870-47D2-9AE8-D77C9A24D83F}.Debug|Any CPU.Build.0 = Debug|Any CPU
		{8B9CA932-4870-47D2-9AE8-D77C9A24D83F}.Release|Any CPU.ActiveCfg = Release|Any CPU
		{8B9CA932-4870-47D2-9AE8-D77C9A24D83F}.Release|Any CPU.Build.0 = Release|Any CPU
		{543B5798-FFB1-4310-854D-C67953CF555C}.Debug|Any CPU.ActiveCfg = Debug|Any CPU
		{543B5798-FFB1-4310-854D-C67953CF555C}.Debug|Any CPU.Build.0 = Debug|Any CPU
		{543B5798-FFB1-4310-854D-C67953CF555C}.Release|Any CPU.ActiveCfg = Release|Any CPU
		{543B5798-FFB1-4310-854D-C67953CF555C}.Release|Any CPU.Build.0 = Release|Any CPU
		{DEC302B3-3448-45D3-8F5C-DBC7BA60AFD2}.Debug|Any CPU.ActiveCfg = Debug|Any CPU
		{DEC302B3-3448-45D3-8F5C-DBC7BA60AFD2}.Debug|Any CPU.Build.0 = Debug|Any CPU
		{DEC302B3-3448-45D3-8F5C-DBC7BA60AFD2}.Release|Any CPU.ActiveCfg = Release|Any CPU
		{DEC302B3-3448-45D3-8F5C-DBC7BA60AFD2}.Release|Any CPU.Build.0 = Release|Any CPU
		{1BC7DD7A-0F3F-4DBF-B3EB-E7C6F281FEE9}.Debug|Any CPU.ActiveCfg = Debug|Any CPU
		{1BC7DD7A-0F3F-4DBF-B3EB-E7C6F281FEE9}.Debug|Any CPU.Build.0 = Debug|Any CPU
		{1BC7DD7A-0F3F-4DBF-B3EB-E7C6F281FEE9}.Release|Any CPU.ActiveCfg = Release|Any CPU
		{1BC7DD7A-0F3F-4DBF-B3EB-E7C6F281FEE9}.Release|Any CPU.Build.0 = Release|Any CPU
		{BDA7975A-35FF-4CEF-81C5-8270AB91E22E}.Debug|Any CPU.ActiveCfg = Debug|Any CPU
		{BDA7975A-35FF-4CEF-81C5-8270AB91E22E}.Debug|Any CPU.Build.0 = Debug|Any CPU
		{BDA7975A-35FF-4CEF-81C5-8270AB91E22E}.Release|Any CPU.ActiveCfg = Release|Any CPU
		{BDA7975A-35FF-4CEF-81C5-8270AB91E22E}.Release|Any CPU.Build.0 = Release|Any CPU
		{E07E6EB3-C3AD-426C-8BB2-33B740C0EEE5}.Debug|Any CPU.ActiveCfg = Debug|Any CPU
		{E07E6EB3-C3AD-426C-8BB2-33B740C0EEE5}.Debug|Any CPU.Build.0 = Debug|Any CPU
		{E07E6EB3-C3AD-426C-8BB2-33B740C0EEE5}.Release|Any CPU.ActiveCfg = Release|Any CPU
		{E07E6EB3-C3AD-426C-8BB2-33B740C0EEE5}.Release|Any CPU.Build.0 = Release|Any CPU
		{A6735C7C-2833-4D0C-9635-AC522C93F670}.Debug|Any CPU.ActiveCfg = Debug|Any CPU
		{A6735C7C-2833-4D0C-9635-AC522C93F670}.Debug|Any CPU.Build.0 = Debug|Any CPU
		{A6735C7C-2833-4D0C-9635-AC522C93F670}.Release|Any CPU.ActiveCfg = Release|Any CPU
		{A6735C7C-2833-4D0C-9635-AC522C93F670}.Release|Any CPU.Build.0 = Release|Any CPU
		{AA0CCB61-F281-4CDC-AF53-74DCEF946B34}.Debug|Any CPU.ActiveCfg = Debug|Any CPU
		{AA0CCB61-F281-4CDC-AF53-74DCEF946B34}.Debug|Any CPU.Build.0 = Debug|Any CPU
		{AA0CCB61-F281-4CDC-AF53-74DCEF946B34}.Release|Any CPU.ActiveCfg = Release|Any CPU
		{AA0CCB61-F281-4CDC-AF53-74DCEF946B34}.Release|Any CPU.Build.0 = Release|Any CPU
		{862E77D1-068A-45D1-B494-B70ADFC5B10B}.Debug|Any CPU.ActiveCfg = Debug|Any CPU
		{862E77D1-068A-45D1-B494-B70ADFC5B10B}.Debug|Any CPU.Build.0 = Debug|Any CPU
		{862E77D1-068A-45D1-B494-B70ADFC5B10B}.Release|Any CPU.ActiveCfg = Release|Any CPU
		{862E77D1-068A-45D1-B494-B70ADFC5B10B}.Release|Any CPU.Build.0 = Release|Any CPU
		{E57E43E0-36FA-4D8F-B9EE-8CBA10DCA238}.Debug|Any CPU.ActiveCfg = Debug|Any CPU
		{E57E43E0-36FA-4D8F-B9EE-8CBA10DCA238}.Debug|Any CPU.Build.0 = Debug|Any CPU
		{E57E43E0-36FA-4D8F-B9EE-8CBA10DCA238}.Release|Any CPU.ActiveCfg = Release|Any CPU
		{E57E43E0-36FA-4D8F-B9EE-8CBA10DCA238}.Release|Any CPU.Build.0 = Release|Any CPU
		{21D4ABCB-7E3D-4DEA-B1FA-CDE43C551130}.Debug|Any CPU.ActiveCfg = Debug|Any CPU
		{21D4ABCB-7E3D-4DEA-B1FA-CDE43C551130}.Debug|Any CPU.Build.0 = Debug|Any CPU
		{21D4ABCB-7E3D-4DEA-B1FA-CDE43C551130}.Release|Any CPU.ActiveCfg = Release|Any CPU
		{21D4ABCB-7E3D-4DEA-B1FA-CDE43C551130}.Release|Any CPU.Build.0 = Release|Any CPU
		{417A1BFF-9A89-4AE9-997E-05229C10A41F}.Debug|Any CPU.ActiveCfg = Debug|Any CPU
		{417A1BFF-9A89-4AE9-997E-05229C10A41F}.Debug|Any CPU.Build.0 = Debug|Any CPU
		{417A1BFF-9A89-4AE9-997E-05229C10A41F}.Release|Any CPU.ActiveCfg = Release|Any CPU
		{417A1BFF-9A89-4AE9-997E-05229C10A41F}.Release|Any CPU.Build.0 = Release|Any CPU
		{2B729AAF-C5A5-410D-B29B-8045DE43D0F4}.Debug|Any CPU.ActiveCfg = Debug|Any CPU
		{2B729AAF-C5A5-410D-B29B-8045DE43D0F4}.Debug|Any CPU.Build.0 = Debug|Any CPU
		{2B729AAF-C5A5-410D-B29B-8045DE43D0F4}.Release|Any CPU.ActiveCfg = Release|Any CPU
		{2B729AAF-C5A5-410D-B29B-8045DE43D0F4}.Release|Any CPU.Build.0 = Release|Any CPU
		{7917C05B-87C2-44B8-BB7B-825404992CCF}.Debug|Any CPU.ActiveCfg = Debug|Any CPU
		{7917C05B-87C2-44B8-BB7B-825404992CCF}.Debug|Any CPU.Build.0 = Debug|Any CPU
		{7917C05B-87C2-44B8-BB7B-825404992CCF}.Release|Any CPU.ActiveCfg = Release|Any CPU
		{7917C05B-87C2-44B8-BB7B-825404992CCF}.Release|Any CPU.Build.0 = Release|Any CPU
		{93CBC8F6-9431-4F9C-B023-783C142321C7}.Debug|Any CPU.ActiveCfg = Debug|Any CPU
		{93CBC8F6-9431-4F9C-B023-783C142321C7}.Debug|Any CPU.Build.0 = Debug|Any CPU
		{93CBC8F6-9431-4F9C-B023-783C142321C7}.Release|Any CPU.ActiveCfg = Release|Any CPU
		{93CBC8F6-9431-4F9C-B023-783C142321C7}.Release|Any CPU.Build.0 = Release|Any CPU
		{CB8C106E-332B-4871-B527-9C34A148ECC3}.Debug|Any CPU.ActiveCfg = Debug|Any CPU
		{CB8C106E-332B-4871-B527-9C34A148ECC3}.Debug|Any CPU.Build.0 = Debug|Any CPU
		{CB8C106E-332B-4871-B527-9C34A148ECC3}.Release|Any CPU.ActiveCfg = Release|Any CPU
		{CB8C106E-332B-4871-B527-9C34A148ECC3}.Release|Any CPU.Build.0 = Release|Any CPU
		{28F9DB63-19ED-4600-93A4-C061ED17E5F5}.Debug|Any CPU.ActiveCfg = Debug|Any CPU
		{28F9DB63-19ED-4600-93A4-C061ED17E5F5}.Debug|Any CPU.Build.0 = Debug|Any CPU
		{28F9DB63-19ED-4600-93A4-C061ED17E5F5}.Release|Any CPU.ActiveCfg = Release|Any CPU
		{28F9DB63-19ED-4600-93A4-C061ED17E5F5}.Release|Any CPU.Build.0 = Release|Any CPU
		{C71D3FE9-F030-4B54-BA66-293195CD9489}.Debug|Any CPU.ActiveCfg = Debug|Any CPU
		{C71D3FE9-F030-4B54-BA66-293195CD9489}.Debug|Any CPU.Build.0 = Debug|Any CPU
		{C71D3FE9-F030-4B54-BA66-293195CD9489}.Release|Any CPU.ActiveCfg = Release|Any CPU
		{C71D3FE9-F030-4B54-BA66-293195CD9489}.Release|Any CPU.Build.0 = Release|Any CPU
		{A420F05A-48A0-4516-AD17-715EF19D5F61}.Debug|Any CPU.ActiveCfg = Debug|Any CPU
		{A420F05A-48A0-4516-AD17-715EF19D5F61}.Debug|Any CPU.Build.0 = Debug|Any CPU
		{A420F05A-48A0-4516-AD17-715EF19D5F61}.Release|Any CPU.ActiveCfg = Release|Any CPU
		{A420F05A-48A0-4516-AD17-715EF19D5F61}.Release|Any CPU.Build.0 = Release|Any CPU
		{3D0B2DAD-0696-4C01-A22F-D75AAD623AE3}.Debug|Any CPU.ActiveCfg = Debug|Any CPU
		{3D0B2DAD-0696-4C01-A22F-D75AAD623AE3}.Debug|Any CPU.Build.0 = Debug|Any CPU
		{3D0B2DAD-0696-4C01-A22F-D75AAD623AE3}.Release|Any CPU.ActiveCfg = Release|Any CPU
		{3D0B2DAD-0696-4C01-A22F-D75AAD623AE3}.Release|Any CPU.Build.0 = Release|Any CPU
	EndGlobalSection
	GlobalSection(SolutionProperties) = preSolution
		HideSolutionNode = FALSE
	EndGlobalSection
	GlobalSection(ExtensibilityGlobals) = postSolution
		SolutionGuid = {0C0EED85-55F5-44C8-95BF-53191FA52231}
	EndGlobalSection
EndGlobal
